
Microsoft Visual Studio Solution File, Format Version 12.00
# Visual Studio 14
VisualStudioVersion = 14.0.25420.1
MinimumVisualStudioVersion = 10.0.40219.1
Project("{FAE04EC0-301F-11D3-BF4B-00C04F79EFBC}") = "TabLayoutError.Droid", "TabLayoutError.Droid\TabLayoutError.Droid.csproj", "{CF658EA4-1B6B-40AE-B0E2-8A7E19174E76}"
EndProject
Project("{FAE04EC0-301F-11D3-BF4B-00C04F79EFBC}") = "TabLayoutError.Core", "TabLayoutError.Core\TabLayoutError.Core.csproj", "{727012EA-E101-4CF8-BBB9-CC3F8AAF4EB2}"
EndProject
Global
	GlobalSection(SolutionConfigurationPlatforms) = preSolution
		Debug|Any CPU = Debug|Any CPU
		Release|Any CPU = Release|Any CPU
	EndGlobalSection
	GlobalSection(ProjectConfigurationPlatforms) = postSolution
		{CF658EA4-1B6B-40AE-B0E2-8A7E19174E76}.Debug|Any CPU.ActiveCfg = Debug|Any CPU
		{CF658EA4-1B6B-40AE-B0E2-8A7E19174E76}.Debug|Any CPU.Build.0 = Debug|Any CPU
		{CF658EA4-1B6B-40AE-B0E2-8A7E19174E76}.Debug|Any CPU.Deploy.0 = Debug|Any CPU
		{CF658EA4-1B6B-40AE-B0E2-8A7E19174E76}.Release|Any CPU.ActiveCfg = Release|Any CPU
		{CF658EA4-1B6B-40AE-B0E2-8A7E19174E76}.Release|Any CPU.Build.0 = Release|Any CPU
		{CF658EA4-1B6B-40AE-B0E2-8A7E19174E76}.Release|Any CPU.Deploy.0 = Release|Any CPU
		{727012EA-E101-4CF8-BBB9-CC3F8AAF4EB2}.Debug|Any CPU.ActiveCfg = Debug|Any CPU
		{727012EA-E101-4CF8-BBB9-CC3F8AAF4EB2}.Debug|Any CPU.Build.0 = Debug|Any CPU
		{727012EA-E101-4CF8-BBB9-CC3F8AAF4EB2}.Release|Any CPU.ActiveCfg = Release|Any CPU
		{727012EA-E101-4CF8-BBB9-CC3F8AAF4EB2}.Release|Any CPU.Build.0 = Release|Any CPU
	EndGlobalSection
	GlobalSection(SolutionProperties) = preSolution
		HideSolutionNode = FALSE
	EndGlobalSection
EndGlobal
